# This file was autogenerated by Stack.
# You should not edit this file by hand.
# For more information, please see the documentation at:
#   https://docs.haskellstack.org/en/stable/lock_files

packages:
- completed:
    hackage: yapb-0.2.3@sha256:d219b1ff4195682af24ae07b415b119ff164281444f0bcfcac9ed8550c850f40,4744
    pantry-tree:
      sha256: 1e339417bc7a35c381209900cfbb127259c0228048f63f66c85b65f5dbb670d6
      size: 3920
  original:
    hackage: yapb-0.2.3
- completed:
    hackage: entropy-0.4.1.11@sha256:1a40e0ff033e6b392d3d4aa29c4d2b89b4e915f69f10e3b240f681a18279dc64,2901
    pantry-tree:
      sha256: 24d368f6b2bd83df8c2edb92214c74aaab4070d487d73b9e0c1678856a56a861
      size: 682
  original:
    hackage: entropy-0.4.1.11@sha256:1a40e0ff033e6b392d3d4aa29c4d2b89b4e915f69f10e3b240f681a18279dc64
- completed:
    hackage: distributed-process-0.7.8@sha256:5f33886c431444a874df7c54e30d0a13913eb4f8a39785924b7e6b648ed5efb1,7682
    pantry-tree:
      sha256: bcbd459840b5cc32cc0b170ea906f96eece8276556ba3ba4ff1e40f6521b444d
      size: 3056
  original:
    hackage: distributed-process-0.7.8
- completed:
    hackage: distributed-process-simplelocalnet-0.3.3@sha256:12ddd4eff2246f9b9f6a586df465029c5585b1f0be2c29e5b67d87e5e72684fa,2740
    pantry-tree:
      sha256: 55224d14e4fea8d5eae762f70c5d25e761ca1628127e8a24bc25cb99cfd627e0
      size: 451
  original:
    hackage: distributed-process-simplelocalnet-0.3.3
- completed:
    hackage: network-transport-tcp-0.8.1@sha256:775e0811943e44c0a3c40a7c0343c51cf92d520e5e9aee1c6958dca4e9d1fab5,3373
    pantry-tree:
      sha256: deef7c0c34faee15363f575e8367509eb5577d45bb868e2573e39c69aa1349b3
      size: 651
  original:
    hackage: network-transport-tcp-0.8.1
- completed:
    hackage: distributed-static-0.3.9@sha256:f5e781867eddec660cb3b39805c849e3f096b7da245d43a07d8529e3c92b3a27,2297
    pantry-tree:
      sha256: 5c5ba6d3b628da7e67209f9472346cc2bbf41ecc9bd308f3e135a2163e188d65
      size: 286
  original:
    hackage: distributed-static-0.3.9@sha256:f5e781867eddec660cb3b39805c849e3f096b7da245d43a07d8529e3c92b3a27
- completed:
    hackage: rank1dynamic-0.4.3@sha256:ad9c578880a2e2246f51fd63434c0c6a039c2998644ccce666d7e422160a613c,2071
    pantry-tree:
      sha256: 05ed25e466986ebf2e441b25c012a37591bbbec7abf92c558d7fae74635cd11a
      size: 345
  original:
    hackage: rank1dynamic-0.4.3
snapshots:
- completed:
    sha256: 428ec8d5ce932190d3cbe266b9eb3c175cd81e984babf876b64019e2cbe4ea68
    size: 590100
    url: https://raw.githubusercontent.com/commercialhaskell/stackage-snapshots/master/lts/18/28.yaml
  original: lts-18.28
